{
  "lockfile_version": "1",
  "packages": {
    "docker@latest": {
      "last_modified": "2025-08-05T11:35:34Z",
      "resolved": "github:NixOS/nixpkgs/a683adc19ff5228af548c6539dbc3440509bfed3#docker",
      "source": "devbox-search",
      "version": "28.3.3",
      "systems": {
        "aarch64-darwin": {
          "outputs": [
            {
              "name": "out",
              "path": "/nix/store/6x679ch4cqa5aywjsrnplsasv5rp0mak-docker-28.3.3",
              "default": true
            }
          ],
          "store_path": "/nix/store/6x679ch4cqa5aywjsrnplsasv5rp0mak-docker-28.3.3"
        },
        "aarch64-linux": {
          "outputs": [
            {
              "name": "out",
              "path": "/nix/store/8jb799sr948h68avj9k3xkvznv10f470-docker-28.3.3",
              "default": true
            }
          ],
          "store_path": "/nix/store/8jb799sr948h68avj9k3xkvznv10f470-docker-28.3.3"
        },
        "x86_64-darwin": {
          "outputs": [
            {
              "name": "out",
              "path": "/nix/store/g3h7m6qsx5rkb908qcqi4a6kflvcriz5-docker-28.3.3",
              "default": true
            }
          ],
          "store_path": "/nix/store/g3h7m6qsx5rkb908qcqi4a6kflvcriz5-docker-28.3.3"
        },
        "x86_64-linux": {
          "outputs": [
            {
              "name": "out",
              "path": "/nix/store/r0vqz3dsdhw31gyk098qgrw61vwmc7a1-docker-28.3.3",
              "default": true
            }
          ],
          "store_path": "/nix/store/r0vqz3dsdhw31gyk098qgrw61vwmc7a1-docker-28.3.3"
        }
      }
    },
    "fd@latest": {
      "last_modified": "2025-07-28T17:09:23Z",
      "resolved": "github:NixOS/nixpkgs/648f70160c03151bc2121d179291337ad6bc564b#fd",
      "source": "devbox-search",
      "version": "10.2.0",
      "systems": {
        "aarch64-darwin": {
          "outputs": [
            {
              "name": "out",
              "path": "/nix/store/40nk6ri500aip6a34x8nnhr9k0ikgl8f-fd-10.2.0",
              "default": true
            }
          ],
          "store_path": "/nix/store/40nk6ri500aip6a34x8nnhr9k0ikgl8f-fd-10.2.0"
        },
        "aarch64-linux": {
          "outputs": [
            {
              "name": "out",
              "path": "/nix/store/f0cm3mr35dxk6ziwcarwmk5psnzklg6k-fd-10.2.0",
              "default": true
            }
          ],
          "store_path": "/nix/store/f0cm3mr35dxk6ziwcarwmk5psnzklg6k-fd-10.2.0"
        },
        "x86_64-darwin": {
          "outputs": [
            {
              "name": "out",
              "path": "/nix/store/5vqrgkgb3ishhjrjfvd08401bzj80yhl-fd-10.2.0",
              "default": true
            }
          ],
          "store_path": "/nix/store/5vqrgkgb3ishhjrjfvd08401bzj80yhl-fd-10.2.0"
        },
        "x86_64-linux": {
          "outputs": [
            {
              "name": "out",
              "path": "/nix/store/d8gs5vih8f1nkck5q8jrndzxzdkpsl01-fd-10.2.0",
              "default": true
            }
          ],
          "store_path": "/nix/store/d8gs5vih8f1nkck5q8jrndzxzdkpsl01-fd-10.2.0"
        }
      }
    },
    "fzf@latest": {
      "last_modified": "2025-08-08T08:05:48Z",
      "resolved": "github:NixOS/nixpkgs/a3f3e3f2c983e957af6b07a1db98bafd1f87b7a1#fzf",
      "source": "devbox-search",
      "version": "0.65.1",
      "systems": {
        "aarch64-darwin": {
          "outputs": [
            {
              "name": "out",
              "path": "/nix/store/1g47v585sy9mbp83bpr15xm00jk6zfqd-fzf-0.65.1",
              "default": true
            },
            {
              "name": "man",
              "path": "/nix/store/bi6hvv72zh2zqgagirqvpjddpyfb8jkq-fzf-0.65.1-man",
              "default": true
            }
          ],
          "store_path": "/nix/store/1g47v585sy9mbp83bpr15xm00jk6zfqd-fzf-0.65.1"
        },
        "aarch64-linux": {
          "outputs": [
            {
              "name": "out",
              "path": "/nix/store/cxw0r42cdwggxgnsxzh5v7h5szb4zn52-fzf-0.65.1",
              "default": true
            },
            {
              "name": "man",
              "path": "/nix/store/rw1fi4rdjpxcv1x1ln5q5iqdgp3bi0k3-fzf-0.65.1-man",
              "default": true
            }
          ],
          "store_path": "/nix/store/cxw0r42cdwggxgnsxzh5v7h5szb4zn52-fzf-0.65.1"
        },
        "x86_64-darwin": {
          "outputs": [
            {
              "name": "out",
              "path": "/nix/store/dnjnbx0yci902phzbdcjc5d6328xswy6-fzf-0.65.1",
              "default": true
            },
            {
              "name": "man",
              "path": "/nix/store/1f9mh3lghzdj06wf5g4cdypyva712idf-fzf-0.65.1-man",
              "default": true
            }
          ],
          "store_path": "/nix/store/dnjnbx0yci902phzbdcjc5d6328xswy6-fzf-0.65.1"
        },
        "x86_64-linux": {
          "outputs": [
            {
              "name": "out",
              "path": "/nix/store/6a4wknif1z62kdn3cbkak78kyf462cxj-fzf-0.65.1",
              "default": true
            },
            {
              "name": "man",
              "path": "/nix/store/2jb1xjfcilpzcgd692qb84gn87cvvhl7-fzf-0.65.1-man",
              "default": true
            }
          ],
          "store_path": "/nix/store/6a4wknif1z62kdn3cbkak78kyf462cxj-fzf-0.65.1"
        }
      }
    },
    "gh@latest": {
      "last_modified": "2025-08-01T06:30:45Z",
      "resolved": "github:NixOS/nixpkgs/a7822a17050fedda63794775b9090880c8214290#gh",
      "source": "devbox-search",
      "version": "2.76.2",
      "systems": {
        "aarch64-darwin": {
          "outputs": [
            {
              "name": "out",
              "path": "/nix/store/03sfs0afrm8j3gwrdnj324zw7yg959bd-gh-2.76.2",
              "default": true
            }
          ],
          "store_path": "/nix/store/03sfs0afrm8j3gwrdnj324zw7yg959bd-gh-2.76.2"
        },
        "aarch64-linux": {
          "outputs": [
            {
              "name": "out",
              "path": "/nix/store/pc1gkqbg0di68fpxqg5dxz0dvdvldf1a-gh-2.76.2",
              "default": true
            }
          ],
          "store_path": "/nix/store/pc1gkqbg0di68fpxqg5dxz0dvdvldf1a-gh-2.76.2"
        },
        "x86_64-darwin": {
          "outputs": [
            {
              "name": "out",
              "path": "/nix/store/6sxip9nc0v8hsdyzjdhmj1qsxr3m4p6i-gh-2.76.2",
              "default": true
            }
          ],
          "store_path": "/nix/store/6sxip9nc0v8hsdyzjdhmj1qsxr3m4p6i-gh-2.76.2"
        },
        "x86_64-linux": {
          "outputs": [
            {
              "name": "out",
              "path": "/nix/store/72ihgykz0r9a5s3iqzrcm9x2rnp3sjap-gh-2.76.2",
              "default": true
            }
          ],
          "store_path": "/nix/store/72ihgykz0r9a5s3iqzrcm9x2rnp3sjap-gh-2.76.2"
        }
      }
    },
    "git@latest": {
      "last_modified": "2025-07-28T17:09:23Z",
      "resolved": "github:NixOS/nixpkgs/648f70160c03151bc2121d179291337ad6bc564b#git",
      "source": "devbox-search",
      "version": "2.50.1",
      "systems": {
        "aarch64-darwin": {
          "outputs": [
            {
              "name": "out",
              "path": "/nix/store/jn9byxgdjndngf0d2by0djg8gcdll7xc-git-2.50.1",
              "default": true
            },
            {
              "name": "doc",
              "path": "/nix/store/j8djmq64ckbah7bl6jv1y6arrjr0shmv-git-2.50.1-doc"
            }
          ],
          "store_path": "/nix/store/jn9byxgdjndngf0d2by0djg8gcdll7xc-git-2.50.1"
        },
        "aarch64-linux": {
          "outputs": [
            {
              "name": "out",
              "path": "/nix/store/h4pvvix6pvnvys9a6y1xj2442r1ajdhl-git-2.50.1",
              "default": true
            },
            {
              "name": "doc",
              "path": "/nix/store/q8sicpx16gyzxnp3345a46lj4cz9wd09-git-2.50.1-doc"
            },
            {
              "name": "debug",
              "path": "/nix/store/rpxnrnsn4nbx8wm9d2vrgj0fr5xzz5lg-git-2.50.1-debug"
            }
          ],
          "store_path": "/nix/store/h4pvvix6pvnvys9a6y1xj2442r1ajdhl-git-2.50.1"
        },
        "x86_64-darwin": {
          "outputs": [
            {
              "name": "out",
              "path": "/nix/store/8d1n8cvi5x1j0v61459lvhqs26vmcqbl-git-2.50.1",
              "default": true
            },
            {
              "name": "doc",
              "path": "/nix/store/yn9cvbs7jz4dfdb17qralgr0ybi5rmjf-git-2.50.1-doc"
            }
          ],
          "store_path": "/nix/store/8d1n8cvi5x1j0v61459lvhqs26vmcqbl-git-2.50.1"
        },
        "x86_64-linux": {
          "outputs": [
            {
              "name": "out",
              "path": "/nix/store/5i8zvall945kypmwgqd0y47f02pldwp4-git-2.50.1",
              "default": true
            },
            {
              "name": "debug",
              "path": "/nix/store/l46kpjpcwwp8l7kzzr1s2dlk646r73z2-git-2.50.1-debug"
            },
            {
              "name": "doc",
              "path": "/nix/store/d2lhlzkdziwmijik8nszfwp8srbkskb9-git-2.50.1-doc"
            }
          ],
          "store_path": "/nix/store/5i8zvall945kypmwgqd0y47f02pldwp4-git-2.50.1"
        }
      }
    },
    "gum@latest": {
      "last_modified": "2025-07-28T17:09:23Z",
      "resolved": "github:NixOS/nixpkgs/648f70160c03151bc2121d179291337ad6bc564b#gum",
      "source": "devbox-search",
      "version": "0.16.2",
      "systems": {
        "aarch64-darwin": {
          "outputs": [
            {
              "name": "out",
              "path": "/nix/store/s9w5fifwbcl92x3r55r9lbiwmlyrlfig-gum-0.16.2",
              "default": true
            }
          ],
          "store_path": "/nix/store/s9w5fifwbcl92x3r55r9lbiwmlyrlfig-gum-0.16.2"
        },
        "aarch64-linux": {
          "outputs": [
            {
              "name": "out",
              "path": "/nix/store/7z4r5akxz40nfji1jz4bdk99k1biwdkc-gum-0.16.2",
              "default": true
            }
          ],
          "store_path": "/nix/store/7z4r5akxz40nfji1jz4bdk99k1biwdkc-gum-0.16.2"
        },
        "x86_64-darwin": {
          "outputs": [
            {
              "name": "out",
              "path": "/nix/store/r6q70l6jqmgmmv8br9dpvh23c4lqkapq-gum-0.16.2",
              "default": true
            }
          ],
          "store_path": "/nix/store/r6q70l6jqmgmmv8br9dpvh23c4lqkapq-gum-0.16.2"
        },
        "x86_64-linux": {
          "outputs": [
            {
              "name": "out",
              "path": "/nix/store/ghqbmfsmdhccms652yx3n0mkj86jlz8r-gum-0.16.2",
              "default": true
            }
          ],
          "store_path": "/nix/store/ghqbmfsmdhccms652yx3n0mkj86jlz8r-gum-0.16.2"
        }
      }
    },
    "lazygit@latest": {
      "last_modified": "2025-08-11T23:54:17Z",
      "resolved": "github:NixOS/nixpkgs/5a983011e0f4b3b286aaa73e011ce32b1449a528#lazygit",
      "source": "devbox-search",
      "version": "0.54.2",
      "systems": {
        "aarch64-darwin": {
          "outputs": [
            {
              "name": "out",
              "path": "/nix/store/n7ny04dvvzhs8fpk6cx9rqa7fi227nll-lazygit-0.54.2",
              "default": true
            }
          ],
          "store_path": "/nix/store/n7ny04dvvzhs8fpk6cx9rqa7fi227nll-lazygit-0.54.2"
        },
        "aarch64-linux": {
          "outputs": [
            {
              "name": "out",
              "path": "/nix/store/h4ynvy30pqk5ag1161pbfb3d0k2n2rzn-lazygit-0.54.2",
              "default": true
            }
          ],
          "store_path": "/nix/store/h4ynvy30pqk5ag1161pbfb3d0k2n2rzn-lazygit-0.54.2"
        },
        "x86_64-darwin": {
          "outputs": [
            {
              "name": "out",
              "path": "/nix/store/n1173b8bddf71r3wrcnf4pqdhskxmq3n-lazygit-0.54.2",
              "default": true
            }
          ],
          "store_path": "/nix/store/n1173b8bddf71r3wrcnf4pqdhskxmq3n-lazygit-0.54.2"
        },
        "x86_64-linux": {
          "outputs": [
            {
              "name": "out",
              "path": "/nix/store/wpazpb97ccmg1na1fp7s3nzdr39g7rsd-lazygit-0.54.2",
              "default": true
            }
          ],
          "store_path": "/nix/store/wpazpb97ccmg1na1fp7s3nzdr39g7rsd-lazygit-0.54.2"
        }
      }
    },
    "neovim@latest": {
      "last_modified": "2025-07-28T17:09:23Z",
      "resolved": "github:NixOS/nixpkgs/648f70160c03151bc2121d179291337ad6bc564b#neovim",
      "source": "devbox-search",
      "version": "0.11.3",
      "systems": {
        "aarch64-darwin": {
          "outputs": [
            {
              "name": "out",
              "path": "/nix/store/myh94zy2aqvnyx03macfp7ls0d1r8ad3-neovim-0.11.3",
              "default": true
            }
          ],
          "store_path": "/nix/store/myh94zy2aqvnyx03macfp7ls0d1r8ad3-neovim-0.11.3"
        },
        "aarch64-linux": {
          "outputs": [
            {
              "name": "out",
              "path": "/nix/store/jml2i40aa6diclvzwjniz7if7nx0diay-neovim-0.11.3",
              "default": true
            }
          ],
          "store_path": "/nix/store/jml2i40aa6diclvzwjniz7if7nx0diay-neovim-0.11.3"
        },
        "x86_64-darwin": {
          "outputs": [
            {
              "name": "out",
              "path": "/nix/store/mn6xdp92nnh17xcpczjdxarcl3f6iyy0-neovim-0.11.3",
              "default": true
            }
          ],
          "store_path": "/nix/store/mn6xdp92nnh17xcpczjdxarcl3f6iyy0-neovim-0.11.3"
        },
        "x86_64-linux": {
          "outputs": [
            {
              "name": "out",
              "path": "/nix/store/p1325jszqrigm8l4l69ddx3v9sp8hqkv-neovim-0.11.3",
              "default": true
            }
          ],
          "store_path": "/nix/store/p1325jszqrigm8l4l69ddx3v9sp8hqkv-neovim-0.11.3"
        }
      }
    },
    "ripgrep@latest": {
      "last_modified": "2025-07-28T17:09:23Z",
      "resolved": "github:NixOS/nixpkgs/648f70160c03151bc2121d179291337ad6bc564b#ripgrep",
      "source": "devbox-search",
      "version": "14.1.1",
      "systems": {
        "aarch64-darwin": {
          "outputs": [
            {
              "name": "out",
              "path": "/nix/store/md9kfvsz7axcb5b1z2yw2mybi3lhxyha-ripgrep-14.1.1",
              "default": true
            }
          ],
          "store_path": "/nix/store/md9kfvsz7axcb5b1z2yw2mybi3lhxyha-ripgrep-14.1.1"
        },
        "aarch64-linux": {
          "outputs": [
            {
              "name": "out",
              "path": "/nix/store/slgpwy2f6j68p47hifz503251dgxb075-ripgrep-14.1.1",
              "default": true
            }
          ],
          "store_path": "/nix/store/slgpwy2f6j68p47hifz503251dgxb075-ripgrep-14.1.1"
        },
        "x86_64-darwin": {
          "outputs": [
            {
              "name": "out",
              "path": "/nix/store/m645jkssqpw05acf1cnz037via2y0j4q-ripgrep-14.1.1",
              "default": true
            }
          ],
          "store_path": "/nix/store/m645jkssqpw05acf1cnz037via2y0j4q-ripgrep-14.1.1"
        },
        "x86_64-linux": {
          "outputs": [
            {
              "name": "out",
              "path": "/nix/store/1ijacjhy42pqx7vfi5mnsqrps2k3b8xf-ripgrep-14.1.1",
              "default": true
            }
          ],
          "store_path": "/nix/store/1ijacjhy42pqx7vfi5mnsqrps2k3b8xf-ripgrep-14.1.1"
        }
      }
    },
    "yazi@latest": {
      "last_modified": "2025-08-10T04:38:50Z",
      "resolved": "github:NixOS/nixpkgs/641d909c4a7538f1539da9240dedb1755c907e40#yazi",
      "source": "devbox-search",
      "version": "25.5.31",
      "systems": {
        "aarch64-darwin": {
          "outputs": [
            {
              "name": "out",
              "path": "/nix/store/a9w6d73a0v86ybr59lzwk3kfq2pcg054-yazi-25.5.31",
              "default": true
            }
          ],
          "store_path": "/nix/store/a9w6d73a0v86ybr59lzwk3kfq2pcg054-yazi-25.5.31"
        },
        "aarch64-linux": {
          "outputs": [
            {
              "name": "out",
              "path": "/nix/store/iwv3w0m440zm37rf8xxl5nh4l1nb0cfj-yazi-25.5.31",
              "default": true
            }
          ],
          "store_path": "/nix/store/iwv3w0m440zm37rf8xxl5nh4l1nb0cfj-yazi-25.5.31"
        },
        "x86_64-darwin": {
          "outputs": [
            {
              "name": "out",
              "path": "/nix/store/8kvjadki05mxbwi2165fln0r3ydbb4c7-yazi-25.5.31",
              "default": true
            }
          ],
          "store_path": "/nix/store/8kvjadki05mxbwi2165fln0r3ydbb4c7-yazi-25.5.31"
        },
        "x86_64-linux": {
          "outputs": [
            {
              "name": "out",
              "path": "/nix/store/liqyvbpimnm48wn80rcra0ml20nksv4m-yazi-25.5.31",
              "default": true
            }
          ],
          "store_path": "/nix/store/liqyvbpimnm48wn80rcra0ml20nksv4m-yazi-25.5.31"
        }
      }
    }
  }
}
